
Microsoft Visual Studio Solution File, Format Version 12.00
# Visual Studio 14
VisualStudioVersion = 14.0.25420.1
MinimumVisualStudioVersion = 10.0.40219.1
Project("{FAE04EC0-301F-11D3-BF4B-00C04F79EFBC}") = "NukiAPI.Droid", "NukiAPI\NukiAPI.Droid\NukiAPI.Droid.csproj", "{0A81F3EE-0000-4044-BC74-E7FB182D386C}"
EndProject
Project("{FAE04EC0-301F-11D3-BF4B-00C04F79EFBC}") = "NukiAPI.iOS", "NukiAPI\NukiAPI.iOS\NukiAPI.iOS.csproj", "{2D647778-7E10-4083-95B1-9C3B3CB5CE29}"
EndProject
Project("{FAE04EC0-301F-11D3-BF4B-00C04F79EFBC}") = "NukiAPI.WinPhone", "NukiAPI\NukiAPI.WinPhone\NukiAPI.WinPhone.csproj", "{43194042-83FE-4BD7-A045-63C3A973865F}"
EndProject
Project("{FAE04EC0-301F-11D3-BF4B-00C04F79EFBC}") = "NukiAPI.UWP", "NukiAPI\NukiAPI.UWP\NukiAPI.UWP.csproj", "{7D77998B-B04E-4883-8DD0-09CFBB992BA8}"
EndProject
Project("{FAE04EC0-301F-11D3-BF4B-00C04F79EFBC}") = "NukiAPI.Windows", "NukiAPI\NukiAPI.Windows\NukiAPI.Windows.csproj", "{0FAAD4D2-042C-4806-B280-F3B72887D57A}"
EndProject
Project("{FAE04EC0-301F-11D3-BF4B-00C04F79EFBC}") = "NukiAPI", "NukiAPI\NukiAPI\NukiAPI.csproj", "{F9EA81FF-94C7-4B6D-9587-CD91784ED3FC}"
EndProject
Global
	GlobalSection(SolutionConfigurationPlatforms) = preSolution
		Ad-Hoc|Any CPU = Ad-Hoc|Any CPU
		Ad-Hoc|ARM = Ad-Hoc|ARM
		Ad-Hoc|iPhone = Ad-Hoc|iPhone
		Ad-Hoc|iPhoneSimulator = Ad-Hoc|iPhoneSimulator
		Ad-Hoc|x64 = Ad-Hoc|x64
		Ad-Hoc|x86 = Ad-Hoc|x86
		AppStore|Any CPU = AppStore|Any CPU
		AppStore|ARM = AppStore|ARM
		AppStore|iPhone = AppStore|iPhone
		AppStore|iPhoneSimulator = AppStore|iPhoneSimulator
		AppStore|x64 = AppStore|x64
		AppStore|x86 = AppStore|x86
		Debug|Any CPU = Debug|Any CPU
		Debug|ARM = Debug|ARM
		Debug|iPhone = Debug|iPhone
		Debug|iPhoneSimulator = Debug|iPhoneSimulator
		Debug|x64 = Debug|x64
		Debug|x86 = Debug|x86
		Release|Any CPU = Release|Any CPU
		Release|ARM = Release|ARM
		Release|iPhone = Release|iPhone
		Release|iPhoneSimulator = Release|iPhoneSimulator
		Release|x64 = Release|x64
		Release|x86 = Release|x86
	EndGlobalSection
	GlobalSection(ProjectConfigurationPlatforms) = postSolution
		{0A81F3EE-0000-4044-BC74-E7FB182D386C}.Ad-Hoc|Any CPU.ActiveCfg = Release|Any CPU
		{0A81F3EE-0000-4044-BC74-E7FB182D386C}.Ad-Hoc|Any CPU.Build.0 = Release|Any CPU
		{0A81F3EE-0000-4044-BC74-E7FB182D386C}.Ad-Hoc|Any CPU.Deploy.0 = Release|Any CPU
		{0A81F3EE-0000-4044-BC74-E7FB182D386C}.Ad-Hoc|ARM.ActiveCfg = Release|Any CPU
		{0A81F3EE-0000-4044-BC74-E7FB182D386C}.Ad-Hoc|ARM.Build.0 = Release|Any CPU
		{0A81F3EE-0000-4044-BC74-E7FB182D386C}.Ad-Hoc|ARM.Deploy.0 = Release|Any CPU
		{0A81F3EE-0000-4044-BC74-E7FB182D386C}.Ad-Hoc|iPhone.ActiveCfg = Release|Any CPU
		{0A81F3EE-0000-4044-BC74-E7FB182D386C}.Ad-Hoc|iPhone.Build.0 = Release|Any CPU
		{0A81F3EE-0000-4044-BC74-E7FB182D386C}.Ad-Hoc|iPhone.Deploy.0 = Release|Any CPU
		{0A81F3EE-0000-4044-BC74-E7FB182D386C}.Ad-Hoc|iPhoneSimulator.ActiveCfg = Release|Any CPU
		{0A81F3EE-0000-4044-BC74-E7FB182D386C}.Ad-Hoc|iPhoneSimulator.Build.0 = Release|Any CPU
		{0A81F3EE-0000-4044-BC74-E7FB182D386C}.Ad-Hoc|iPhoneSimulator.Deploy.0 = Release|Any CPU
		{0A81F3EE-0000-4044-BC74-E7FB182D386C}.Ad-Hoc|x64.ActiveCfg = Release|Any CPU
		{0A81F3EE-0000-4044-BC74-E7FB182D386C}.Ad-Hoc|x64.Build.0 = Release|Any CPU
		{0A81F3EE-0000-4044-BC74-E7FB182D386C}.Ad-Hoc|x64.Deploy.0 = Release|Any CPU
		{0A81F3EE-0000-4044-BC74-E7FB182D386C}.Ad-Hoc|x86.ActiveCfg = Release|Any CPU
		{0A81F3EE-0000-4044-BC74-E7FB182D386C}.Ad-Hoc|x86.Build.0 = Release|Any CPU
		{0A81F3EE-0000-4044-BC74-E7FB182D386C}.Ad-Hoc|x86.Deploy.0 = Release|Any CPU
		{0A81F3EE-0000-4044-BC74-E7FB182D386C}.AppStore|Any CPU.ActiveCfg = Release|Any CPU
		{0A81F3EE-0000-4044-BC74-E7FB182D386C}.AppStore|Any CPU.Build.0 = Release|Any CPU
		{0A81F3EE-0000-4044-BC74-E7FB182D386C}.AppStore|Any CPU.Deploy.0 = Release|Any CPU
		{0A81F3EE-0000-4044-BC74-E7FB182D386C}.AppStore|ARM.ActiveCfg = Release|Any CPU
		{0A81F3EE-0000-4044-BC74-E7FB182D386C}.AppStore|ARM.Build.0 = Release|Any CPU
		{0A81F3EE-0000-4044-BC74-E7FB182D386C}.AppStore|ARM.Deploy.0 = Release|Any CPU
		{0A81F3EE-0000-4044-BC74-E7FB182D386C}.AppStore|iPhone.ActiveCfg = Release|Any CPU
		{0A81F3EE-0000-4044-BC74-E7FB182D386C}.AppStore|iPhone.Build.0 = Release|Any CPU
		{0A81F3EE-0000-4044-BC74-E7FB182D386C}.AppStore|iPhone.Deploy.0 = Release|Any CPU
		{0A81F3EE-0000-4044-BC74-E7FB182D386C}.AppStore|iPhoneSimulator.ActiveCfg = Release|Any CPU
		{0A81F3EE-0000-4044-BC74-E7FB182D386C}.AppStore|iPhoneSimulator.Build.0 = Release|Any CPU
		{0A81F3EE-0000-4044-BC74-E7FB182D386C}.AppStore|iPhoneSimulator.Deploy.0 = Release|Any CPU
		{0A81F3EE-0000-4044-BC74-E7FB182D386C}.AppStore|x64.ActiveCfg = Release|Any CPU
		{0A81F3EE-0000-4044-BC74-E7FB182D386C}.AppStore|x64.Build.0 = Release|Any CPU
		{0A81F3EE-0000-4044-BC74-E7FB182D386C}.AppStore|x64.Deploy.0 = Release|Any CPU
		{0A81F3EE-0000-4044-BC74-E7FB182D386C}.AppStore|x86.ActiveCfg = Release|Any CPU
		{0A81F3EE-0000-4044-BC74-E7FB182D386C}.AppStore|x86.Build.0 = Release|Any CPU
		{0A81F3EE-0000-4044-BC74-E7FB182D386C}.AppStore|x86.Deploy.0 = Release|Any CPU
		{0A81F3EE-0000-4044-BC74-E7FB182D386C}.Debug|Any CPU.ActiveCfg = Debug|Any CPU
		{0A81F3EE-0000-4044-BC74-E7FB182D386C}.Debug|Any CPU.Build.0 = Debug|Any CPU
		{0A81F3EE-0000-4044-BC74-E7FB182D386C}.Debug|Any CPU.Deploy.0 = Debug|Any CPU
		{0A81F3EE-0000-4044-BC74-E7FB182D386C}.Debug|ARM.ActiveCfg = Debug|Any CPU
		{0A81F3EE-0000-4044-BC74-E7FB182D386C}.Debug|ARM.Build.0 = Debug|Any CPU
		{0A81F3EE-0000-4044-BC74-E7FB182D386C}.Debug|ARM.Deploy.0 = Debug|Any CPU
		{0A81F3EE-0000-4044-BC74-E7FB182D386C}.Debug|iPhone.ActiveCfg = Debug|Any CPU
		{0A81F3EE-0000-4044-BC74-E7FB182D386C}.Debug|iPhone.Build.0 = Debug|Any CPU
		{0A81F3EE-0000-4044-BC74-E7FB182D386C}.Debug|iPhone.Deploy.0 = Debug|Any CPU
		{0A81F3EE-0000-4044-BC74-E7FB182D386C}.Debug|iPhoneSimulator.ActiveCfg = Debug|Any CPU
		{0A81F3EE-0000-4044-BC74-E7FB182D386C}.Debug|iPhoneSimulator.Build.0 = Debug|Any CPU
		{0A81F3EE-0000-4044-BC74-E7FB182D386C}.Debug|iPhoneSimulator.Deploy.0 = Debug|Any CPU
		{0A81F3EE-0000-4044-BC74-E7FB182D386C}.Debug|x64.ActiveCfg = Debug|Any CPU
		{0A81F3EE-0000-4044-BC74-E7FB182D386C}.Debug|x64.Build.0 = Debug|Any CPU
		{0A81F3EE-0000-4044-BC74-E7FB182D386C}.Debug|x64.Deploy.0 = Debug|Any CPU
		{0A81F3EE-0000-4044-BC74-E7FB182D386C}.Debug|x86.ActiveCfg = Debug|Any CPU
		{0A81F3EE-0000-4044-BC74-E7FB182D386C}.Debug|x86.Build.0 = Debug|Any CPU
		{0A81F3EE-0000-4044-BC74-E7FB182D386C}.Debug|x86.Deploy.0 = Debug|Any CPU
		{0A81F3EE-0000-4044-BC74-E7FB182D386C}.Release|Any CPU.ActiveCfg = Release|Any CPU
		{0A81F3EE-0000-4044-BC74-E7FB182D386C}.Release|Any CPU.Build.0 = Release|Any CPU
		{0A81F3EE-0000-4044-BC74-E7FB182D386C}.Release|Any CPU.Deploy.0 = Release|Any CPU
		{0A81F3EE-0000-4044-BC74-E7FB182D386C}.Release|ARM.ActiveCfg = Release|Any CPU
		{0A81F3EE-0000-4044-BC74-E7FB182D386C}.Release|ARM.Build.0 = Release|Any CPU
		{0A81F3EE-0000-4044-BC74-E7FB182D386C}.Release|ARM.Deploy.0 = Release|Any CPU
		{0A81F3EE-0000-4044-BC74-E7FB182D386C}.Release|iPhone.ActiveCfg = Release|Any CPU
		{0A81F3EE-0000-4044-BC74-E7FB182D386C}.Release|iPhone.Build.0 = Release|Any CPU
		{0A81F3EE-0000-4044-BC74-E7FB182D386C}.Release|iPhone.Deploy.0 = Release|Any CPU
		{0A81F3EE-0000-4044-BC74-E7FB182D386C}.Release|iPhoneSimulator.ActiveCfg = Release|Any CPU
		{0A81F3EE-0000-4044-BC74-E7FB182D386C}.Release|iPhoneSimulator.Build.0 = Release|Any CPU
		{0A81F3EE-0000-4044-BC74-E7FB182D386C}.Release|iPhoneSimulator.Deploy.0 = Release|Any CPU
		{0A81F3EE-0000-4044-BC74-E7FB182D386C}.Release|x64.ActiveCfg = Release|Any CPU
		{0A81F3EE-0000-4044-BC74-E7FB182D386C}.Release|x64.Build.0 = Release|Any CPU
		{0A81F3EE-0000-4044-BC74-E7FB182D386C}.Release|x64.Deploy.0 = Release|Any CPU
		{0A81F3EE-0000-4044-BC74-E7FB182D386C}.Release|x86.ActiveCfg = Release|Any CPU
		{0A81F3EE-0000-4044-BC74-E7FB182D386C}.Release|x86.Build.0 = Release|Any CPU
		{0A81F3EE-0000-4044-BC74-E7FB182D386C}.Release|x86.Deploy.0 = Release|Any CPU
		{2D647778-7E10-4083-95B1-9C3B3CB5CE29}.Ad-Hoc|Any CPU.ActiveCfg = Ad-Hoc|iPhone
		{2D647778-7E10-4083-95B1-9C3B3CB5CE29}.Ad-Hoc|ARM.ActiveCfg = Ad-Hoc|iPhone
		{2D647778-7E10-4083-95B1-9C3B3CB5CE29}.Ad-Hoc|iPhone.ActiveCfg = Ad-Hoc|iPhone
		{2D647778-7E10-4083-95B1-9C3B3CB5CE29}.Ad-Hoc|iPhone.Build.0 = Ad-Hoc|iPhone
		{2D647778-7E10-4083-95B1-9C3B3CB5CE29}.Ad-Hoc|iPhoneSimulator.ActiveCfg = Ad-Hoc|iPhoneSimulator
		{2D647778-7E10-4083-95B1-9C3B3CB5CE29}.Ad-Hoc|iPhoneSimulator.Build.0 = Ad-Hoc|iPhoneSimulator
		{2D647778-7E10-4083-95B1-9C3B3CB5CE29}.Ad-Hoc|x64.ActiveCfg = Ad-Hoc|iPhone
		{2D647778-7E10-4083-95B1-9C3B3CB5CE29}.Ad-Hoc|x86.ActiveCfg = Ad-Hoc|iPhone
		{2D647778-7E10-4083-95B1-9C3B3CB5CE29}.AppStore|Any CPU.ActiveCfg = AppStore|iPhone
		{2D647778-7E10-4083-95B1-9C3B3CB5CE29}.AppStore|ARM.ActiveCfg = AppStore|iPhone
		{2D647778-7E10-4083-95B1-9C3B3CB5CE29}.AppStore|iPhone.ActiveCfg = AppStore|iPhone
		{2D647778-7E10-4083-95B1-9C3B3CB5CE29}.AppStore|iPhone.Build.0 = AppStore|iPhone
		{2D647778-7E10-4083-95B1-9C3B3CB5CE29}.AppStore|iPhoneSimulator.ActiveCfg = AppStore|iPhoneSimulator
		{2D647778-7E10-4083-95B1-9C3B3CB5CE29}.AppStore|iPhoneSimulator.Build.0 = AppStore|iPhoneSimulator
		{2D647778-7E10-4083-95B1-9C3B3CB5CE29}.AppStore|x64.ActiveCfg = AppStore|iPhone
		{2D647778-7E10-4083-95B1-9C3B3CB5CE29}.AppStore|x86.ActiveCfg = AppStore|iPhone
		{2D647778-7E10-4083-95B1-9C3B3CB5CE29}.Debug|Any CPU.ActiveCfg = Debug|iPhone
		{2D647778-7E10-4083-95B1-9C3B3CB5CE29}.Debug|ARM.ActiveCfg = Debug|iPhone
		{2D647778-7E10-4083-95B1-9C3B3CB5CE29}.Debug|iPhone.ActiveCfg = Debug|iPhone
		{2D647778-7E10-4083-95B1-9C3B3CB5CE29}.Debug|iPhone.Build.0 = Debug|iPhone
		{2D647778-7E10-4083-95B1-9C3B3CB5CE29}.Debug|iPhoneSimulator.ActiveCfg = Debug|iPhoneSimulator
		{2D647778-7E10-4083-95B1-9C3B3CB5CE29}.Debug|iPhoneSimulator.Build.0 = Debug|iPhoneSimulator
		{2D647778-7E10-4083-95B1-9C3B3CB5CE29}.Debug|x64.ActiveCfg = Debug|iPhone
		{2D647778-7E10-4083-95B1-9C3B3CB5CE29}.Debug|x86.ActiveCfg = Debug|iPhone
		{2D647778-7E10-4083-95B1-9C3B3CB5CE29}.Release|Any CPU.ActiveCfg = Release|iPhone
		{2D647778-7E10-4083-95B1-9C3B3CB5CE29}.Release|ARM.ActiveCfg = Release|iPhone
		{2D647778-7E10-4083-95B1-9C3B3CB5CE29}.Release|iPhone.ActiveCfg = Release|iPhone
		{2D647778-7E10-4083-95B1-9C3B3CB5CE29}.Release|iPhone.Build.0 = Release|iPhone
		{2D647778-7E10-4083-95B1-9C3B3CB5CE29}.Release|iPhoneSimulator.ActiveCfg = Release|iPhoneSimulator
		{2D647778-7E10-4083-95B1-9C3B3CB5CE29}.Release|iPhoneSimulator.Build.0 = Release|iPhoneSimulator
		{2D647778-7E10-4083-95B1-9C3B3CB5CE29}.Release|x64.ActiveCfg = Release|iPhone
		{2D647778-7E10-4083-95B1-9C3B3CB5CE29}.Release|x86.ActiveCfg = Release|iPhone
		{43194042-83FE-4BD7-A045-63C3A973865F}.Ad-Hoc|Any CPU.ActiveCfg = Release|Any CPU
		{43194042-83FE-4BD7-A045-63C3A973865F}.Ad-Hoc|Any CPU.Build.0 = Release|Any CPU
		{43194042-83FE-4BD7-A045-63C3A973865F}.Ad-Hoc|Any CPU.Deploy.0 = Release|Any CPU
		{43194042-83FE-4BD7-A045-63C3A973865F}.Ad-Hoc|ARM.ActiveCfg = Release|ARM
		{43194042-83FE-4BD7-A045-63C3A973865F}.Ad-Hoc|ARM.Build.0 = Release|ARM
		{43194042-83FE-4BD7-A045-63C3A973865F}.Ad-Hoc|ARM.Deploy.0 = Release|ARM
		{43194042-83FE-4BD7-A045-63C3A973865F}.Ad-Hoc|iPhone.ActiveCfg = Release|Any CPU
		{43194042-83FE-4BD7-A045-63C3A973865F}.Ad-Hoc|iPhone.Build.0 = Release|Any CPU
		{43194042-83FE-4BD7-A045-63C3A973865F}.Ad-Hoc|iPhone.Deploy.0 = Release|Any CPU
		{43194042-83FE-4BD7-A045-63C3A973865F}.Ad-Hoc|iPhoneSimulator.ActiveCfg = Release|Any CPU
		{43194042-83FE-4BD7-A045-63C3A973865F}.Ad-Hoc|iPhoneSimulator.Build.0 = Release|Any CPU
		{43194042-83FE-4BD7-A045-63C3A973865F}.Ad-Hoc|iPhoneSimulator.Deploy.0 = Release|Any CPU
		{43194042-83FE-4BD7-A045-63C3A973865F}.Ad-Hoc|x64.ActiveCfg = Release|Any CPU
		{43194042-83FE-4BD7-A045-63C3A973865F}.Ad-Hoc|x64.Build.0 = Release|Any CPU
		{43194042-83FE-4BD7-A045-63C3A973865F}.Ad-Hoc|x64.Deploy.0 = Release|Any CPU
		{43194042-83FE-4BD7-A045-63C3A973865F}.Ad-Hoc|x86.ActiveCfg = Release|x86
		{43194042-83FE-4BD7-A045-63C3A973865F}.Ad-Hoc|x86.Build.0 = Release|x86
		{43194042-83FE-4BD7-A045-63C3A973865F}.Ad-Hoc|x86.Deploy.0 = Release|x86
		{43194042-83FE-4BD7-A045-63C3A973865F}.AppStore|Any CPU.ActiveCfg = Release|Any CPU
		{43194042-83FE-4BD7-A045-63C3A973865F}.AppStore|Any CPU.Build.0 = Release|Any CPU
		{43194042-83FE-4BD7-A045-63C3A973865F}.AppStore|Any CPU.Deploy.0 = Release|Any CPU
		{43194042-83FE-4BD7-A045-63C3A973865F}.AppStore|ARM.ActiveCfg = Release|ARM
		{43194042-83FE-4BD7-A045-63C3A973865F}.AppStore|ARM.Build.0 = Release|ARM
		{43194042-83FE-4BD7-A045-63C3A973865F}.AppStore|ARM.Deploy.0 = Release|ARM
		{43194042-83FE-4BD7-A045-63C3A973865F}.AppStore|iPhone.ActiveCfg = Release|Any CPU
		{43194042-83FE-4BD7-A045-63C3A973865F}.AppStore|iPhone.Build.0 = Release|Any CPU
		{43194042-83FE-4BD7-A045-63C3A973865F}.AppStore|iPhone.Deploy.0 = Release|Any CPU
		{43194042-83FE-4BD7-A045-63C3A973865F}.AppStore|iPhoneSimulator.ActiveCfg = Release|Any CPU
		{43194042-83FE-4BD7-A045-63C3A973865F}.AppStore|iPhoneSimulator.Build.0 = Release|Any CPU
		{43194042-83FE-4BD7-A045-63C3A973865F}.AppStore|iPhoneSimulator.Deploy.0 = Release|Any CPU
		{43194042-83FE-4BD7-A045-63C3A973865F}.AppStore|x64.ActiveCfg = Release|Any CPU
		{43194042-83FE-4BD7-A045-63C3A973865F}.AppStore|x64.Build.0 = Release|Any CPU
		{43194042-83FE-4BD7-A045-63C3A973865F}.AppStore|x64.Deploy.0 = Release|Any CPU
		{43194042-83FE-4BD7-A045-63C3A973865F}.AppStore|x86.ActiveCfg = Release|x86
		{43194042-83FE-4BD7-A045-63C3A973865F}.AppStore|x86.Build.0 = Release|x86
		{43194042-83FE-4BD7-A045-63C3A973865F}.AppStore|x86.Deploy.0 = Release|x86
		{43194042-83FE-4BD7-A045-63C3A973865F}.Debug|Any CPU.ActiveCfg = Debug|Any CPU
		{43194042-83FE-4BD7-A045-63C3A973865F}.Debug|Any CPU.Build.0 = Debug|Any CPU
		{43194042-83FE-4BD7-A045-63C3A973865F}.Debug|Any CPU.Deploy.0 = Debug|Any CPU
		{43194042-83FE-4BD7-A045-63C3A973865F}.Debug|ARM.ActiveCfg = Debug|ARM
		{43194042-83FE-4BD7-A045-63C3A973865F}.Debug|ARM.Build.0 = Debug|ARM
		{43194042-83FE-4BD7-A045-63C3A973865F}.Debug|ARM.Deploy.0 = Debug|ARM
		{43194042-83FE-4BD7-A045-63C3A973865F}.Debug|iPhone.ActiveCfg = Debug|Any CPU
		{43194042-83FE-4BD7-A045-63C3A973865F}.Debug|iPhone.Build.0 = Debug|Any CPU
		{43194042-83FE-4BD7-A045-63C3A973865F}.Debug|iPhone.Deploy.0 = Debug|Any CPU
		{43194042-83FE-4BD7-A045-63C3A973865F}.Debug|iPhoneSimulator.ActiveCfg = Debug|Any CPU
		{43194042-83FE-4BD7-A045-63C3A973865F}.Debug|iPhoneSimulator.Build.0 = Debug|Any CPU
		{43194042-83FE-4BD7-A045-63C3A973865F}.Debug|iPhoneSimulator.Deploy.0 = Debug|Any CPU
		{43194042-83FE-4BD7-A045-63C3A973865F}.Debug|x64.ActiveCfg = Debug|Any CPU
		{43194042-83FE-4BD7-A045-63C3A973865F}.Debug|x64.Build.0 = Debug|Any CPU
		{43194042-83FE-4BD7-A045-63C3A973865F}.Debug|x64.Deploy.0 = Debug|Any CPU
		{43194042-83FE-4BD7-A045-63C3A973865F}.Debug|x86.ActiveCfg = Debug|x86
		{43194042-83FE-4BD7-A045-63C3A973865F}.Debug|x86.Build.0 = Debug|x86
		{43194042-83FE-4BD7-A045-63C3A973865F}.Debug|x86.Deploy.0 = Debug|x86
		{43194042-83FE-4BD7-A045-63C3A973865F}.Release|Any CPU.ActiveCfg = Release|Any CPU
		{43194042-83FE-4BD7-A045-63C3A973865F}.Release|Any CPU.Build.0 = Release|Any CPU
		{43194042-83FE-4BD7-A045-63C3A973865F}.Release|Any CPU.Deploy.0 = Release|Any CPU
		{43194042-83FE-4BD7-A045-63C3A973865F}.Release|ARM.ActiveCfg = Release|ARM
		{43194042-83FE-4BD7-A045-63C3A973865F}.Release|ARM.Build.0 = Release|ARM
		{43194042-83FE-4BD7-A045-63C3A973865F}.Release|ARM.Deploy.0 = Release|ARM
		{43194042-83FE-4BD7-A045-63C3A973865F}.Release|iPhone.ActiveCfg = Release|Any CPU
		{43194042-83FE-4BD7-A045-63C3A973865F}.Release|iPhone.Build.0 = Release|Any CPU
		{43194042-83FE-4BD7-A045-63C3A973865F}.Release|iPhone.Deploy.0 = Release|Any CPU
		{43194042-83FE-4BD7-A045-63C3A973865F}.Release|iPhoneSimulator.ActiveCfg = Release|Any CPU
		{43194042-83FE-4BD7-A045-63C3A973865F}.Release|iPhoneSimulator.Build.0 = Release|Any CPU
		{43194042-83FE-4BD7-A045-63C3A973865F}.Release|iPhoneSimulator.Deploy.0 = Release|Any CPU
		{43194042-83FE-4BD7-A045-63C3A973865F}.Release|x64.ActiveCfg = Release|Any CPU
		{43194042-83FE-4BD7-A045-63C3A973865F}.Release|x64.Build.0 = Release|Any CPU
		{43194042-83FE-4BD7-A045-63C3A973865F}.Release|x64.Deploy.0 = Release|Any CPU
		{43194042-83FE-4BD7-A045-63C3A973865F}.Release|x86.ActiveCfg = Release|x86
		{43194042-83FE-4BD7-A045-63C3A973865F}.Release|x86.Build.0 = Release|x86
		{43194042-83FE-4BD7-A045-63C3A973865F}.Release|x86.Deploy.0 = Release|x86
		{7D77998B-B04E-4883-8DD0-09CFBB992BA8}.Ad-Hoc|Any CPU.ActiveCfg = Release|x86
		{7D77998B-B04E-4883-8DD0-09CFBB992BA8}.Ad-Hoc|Any CPU.Build.0 = Release|x86
		{7D77998B-B04E-4883-8DD0-09CFBB992BA8}.Ad-Hoc|Any CPU.Deploy.0 = Release|x86
		{7D77998B-B04E-4883-8DD0-09CFBB992BA8}.Ad-Hoc|ARM.ActiveCfg = Release|ARM
		{7D77998B-B04E-4883-8DD0-09CFBB992BA8}.Ad-Hoc|ARM.Build.0 = Release|ARM
		{7D77998B-B04E-4883-8DD0-09CFBB992BA8}.Ad-Hoc|ARM.Deploy.0 = Release|ARM
		{7D77998B-B04E-4883-8DD0-09CFBB992BA8}.Ad-Hoc|iPhone.ActiveCfg = Release|x86
		{7D77998B-B04E-4883-8DD0-09CFBB992BA8}.Ad-Hoc|iPhone.Build.0 = Release|x86
		{7D77998B-B04E-4883-8DD0-09CFBB992BA8}.Ad-Hoc|iPhone.Deploy.0 = Release|x86
		{7D77998B-B04E-4883-8DD0-09CFBB992BA8}.Ad-Hoc|iPhoneSimulator.ActiveCfg = Release|x86
		{7D77998B-B04E-4883-8DD0-09CFBB992BA8}.Ad-Hoc|iPhoneSimulator.Build.0 = Release|x86
		{7D77998B-B04E-4883-8DD0-09CFBB992BA8}.Ad-Hoc|iPhoneSimulator.Deploy.0 = Release|x86
		{7D77998B-B04E-4883-8DD0-09CFBB992BA8}.Ad-Hoc|x64.ActiveCfg = Release|x64
		{7D77998B-B04E-4883-8DD0-09CFBB992BA8}.Ad-Hoc|x64.Build.0 = Release|x64
		{7D77998B-B04E-4883-8DD0-09CFBB992BA8}.Ad-Hoc|x64.Deploy.0 = Release|x64
		{7D77998B-B04E-4883-8DD0-09CFBB992BA8}.Ad-Hoc|x86.ActiveCfg = Release|x86
		{7D77998B-B04E-4883-8DD0-09CFBB992BA8}.Ad-Hoc|x86.Build.0 = Release|x86
		{7D77998B-B04E-4883-8DD0-09CFBB992BA8}.Ad-Hoc|x86.Deploy.0 = Release|x86
		{7D77998B-B04E-4883-8DD0-09CFBB992BA8}.AppStore|Any CPU.ActiveCfg = Release|x86
		{7D77998B-B04E-4883-8DD0-09CFBB992BA8}.AppStore|Any CPU.Build.0 = Release|x86
		{7D77998B-B04E-4883-8DD0-09CFBB992BA8}.AppStore|Any CPU.Deploy.0 = Release|x86
		{7D77998B-B04E-4883-8DD0-09CFBB992BA8}.AppStore|ARM.ActiveCfg = Release|ARM
		{7D77998B-B04E-4883-8DD0-09CFBB992BA8}.AppStore|ARM.Build.0 = Release|ARM
		{7D77998B-B04E-4883-8DD0-09CFBB992BA8}.AppStore|ARM.Deploy.0 = Release|ARM
		{7D77998B-B04E-4883-8DD0-09CFBB992BA8}.AppStore|iPhone.ActiveCfg = Release|x86
		{7D77998B-B04E-4883-8DD0-09CFBB992BA8}.AppStore|iPhone.Build.0 = Release|x86
		{7D77998B-B04E-4883-8DD0-09CFBB992BA8}.AppStore|iPhone.Deploy.0 = Release|x86
		{7D77998B-B04E-4883-8DD0-09CFBB992BA8}.AppStore|iPhoneSimulator.ActiveCfg = Release|x86
		{7D77998B-B04E-4883-8DD0-09CFBB992BA8}.AppStore|iPhoneSimulator.Build.0 = Release|x86
		{7D77998B-B04E-4883-8DD0-09CFBB992BA8}.AppStore|iPhoneSimulator.Deploy.0 = Release|x86
		{7D77998B-B04E-4883-8DD0-09CFBB992BA8}.AppStore|x64.ActiveCfg = Release|x64
		{7D77998B-B04E-4883-8DD0-09CFBB992BA8}.AppStore|x64.Build.0 = Release|x64
		{7D77998B-B04E-4883-8DD0-09CFBB992BA8}.AppStore|x64.Deploy.0 = Release|x64
		{7D77998B-B04E-4883-8DD0-09CFBB992BA8}.AppStore|x86.ActiveCfg = Release|x86
		{7D77998B-B04E-4883-8DD0-09CFBB992BA8}.AppStore|x86.Build.0 = Release|x86
		{7D77998B-B04E-4883-8DD0-09CFBB992BA8}.AppStore|x86.Deploy.0 = Release|x86
		{7D77998B-B04E-4883-8DD0-09CFBB992BA8}.Debug|Any CPU.ActiveCfg = Debug|x86
		{7D77998B-B04E-4883-8DD0-09CFBB992BA8}.Debug|Any CPU.Build.0 = Debug|x86
		{7D77998B-B04E-4883-8DD0-09CFBB992BA8}.Debug|Any CPU.Deploy.0 = Debug|x86
		{7D77998B-B04E-4883-8DD0-09CFBB992BA8}.Debug|ARM.ActiveCfg = Debug|ARM
		{7D77998B-B04E-4883-8DD0-09CFBB992BA8}.Debug|ARM.Build.0 = Debug|ARM
		{7D77998B-B04E-4883-8DD0-09CFBB992BA8}.Debug|ARM.Deploy.0 = Debug|ARM
		{7D77998B-B04E-4883-8DD0-09CFBB992BA8}.Debug|iPhone.ActiveCfg = Debug|x86
		{7D77998B-B04E-4883-8DD0-09CFBB992BA8}.Debug|iPhoneSimulator.ActiveCfg = Debug|x86
		{7D77998B-B04E-4883-8DD0-09CFBB992BA8}.Debug|x64.ActiveCfg = Debug|x64
		{7D77998B-B04E-4883-8DD0-09CFBB992BA8}.Debug|x64.Build.0 = Debug|x64
		{7D77998B-B04E-4883-8DD0-09CFBB992BA8}.Debug|x64.Deploy.0 = Debug|x64
		{7D77998B-B04E-4883-8DD0-09CFBB992BA8}.Debug|x86.ActiveCfg = Debug|x86
		{7D77998B-B04E-4883-8DD0-09CFBB992BA8}.Debug|x86.Build.0 = Debug|x86
		{7D77998B-B04E-4883-8DD0-09CFBB992BA8}.Debug|x86.Deploy.0 = Debug|x86
		{7D77998B-B04E-4883-8DD0-09CFBB992BA8}.Release|Any CPU.ActiveCfg = Release|x86
		{7D77998B-B04E-4883-8DD0-09CFBB992BA8}.Release|Any CPU.Build.0 = Release|x86
		{7D77998B-B04E-4883-8DD0-09CFBB992BA8}.Release|Any CPU.Deploy.0 = Release|x86
		{7D77998B-B04E-4883-8DD0-09CFBB992BA8}.Release|ARM.ActiveCfg = Release|ARM
		{7D77998B-B04E-4883-8DD0-09CFBB992BA8}.Release|ARM.Build.0 = Release|ARM
		{7D77998B-B04E-4883-8DD0-09CFBB992BA8}.Release|ARM.Deploy.0 = Release|ARM
		{7D77998B-B04E-4883-8DD0-09CFBB992BA8}.Release|iPhone.ActiveCfg = Release|x86
		{7D77998B-B04E-4883-8DD0-09CFBB992BA8}.Release|iPhoneSimulator.ActiveCfg = Release|x86
		{7D77998B-B04E-4883-8DD0-09CFBB992BA8}.Release|x64.ActiveCfg = Release|x64
		{7D77998B-B04E-4883-8DD0-09CFBB992BA8}.Release|x64.Build.0 = Release|x64
		{7D77998B-B04E-4883-8DD0-09CFBB992BA8}.Release|x64.Deploy.0 = Release|x64
		{7D77998B-B04E-4883-8DD0-09CFBB992BA8}.Release|x86.ActiveCfg = Release|x86
		{7D77998B-B04E-4883-8DD0-09CFBB992BA8}.Release|x86.Build.0 = Release|x86
		{7D77998B-B04E-4883-8DD0-09CFBB992BA8}.Release|x86.Deploy.0 = Release|x86
		{0FAAD4D2-042C-4806-B280-F3B72887D57A}.Ad-Hoc|Any CPU.ActiveCfg = Release|Any CPU
		{0FAAD4D2-042C-4806-B280-F3B72887D57A}.Ad-Hoc|Any CPU.Build.0 = Release|Any CPU
		{0FAAD4D2-042C-4806-B280-F3B72887D57A}.Ad-Hoc|Any CPU.Deploy.0 = Release|Any CPU
		{0FAAD4D2-042C-4806-B280-F3B72887D57A}.Ad-Hoc|ARM.ActiveCfg = Release|ARM
		{0FAAD4D2-042C-4806-B280-F3B72887D57A}.Ad-Hoc|ARM.Build.0 = Release|ARM
		{0FAAD4D2-042C-4806-B280-F3B72887D57A}.Ad-Hoc|ARM.Deploy.0 = Release|ARM
		{0FAAD4D2-042C-4806-B280-F3B72887D57A}.Ad-Hoc|iPhone.ActiveCfg = Release|Any CPU
		{0FAAD4D2-042C-4806-B280-F3B72887D57A}.Ad-Hoc|iPhone.Build.0 = Release|Any CPU
		{0FAAD4D2-042C-4806-B280-F3B72887D57A}.Ad-Hoc|iPhone.Deploy.0 = Release|Any CPU
		{0FAAD4D2-042C-4806-B280-F3B72887D57A}.Ad-Hoc|iPhoneSimulator.ActiveCfg = Release|Any CPU
		{0FAAD4D2-042C-4806-B280-F3B72887D57A}.Ad-Hoc|iPhoneSimulator.Build.0 = Release|Any CPU
		{0FAAD4D2-042C-4806-B280-F3B72887D57A}.Ad-Hoc|iPhoneSimulator.Deploy.0 = Release|Any CPU
		{0FAAD4D2-042C-4806-B280-F3B72887D57A}.Ad-Hoc|x64.ActiveCfg = Release|x64
		{0FAAD4D2-042C-4806-B280-F3B72887D57A}.Ad-Hoc|x64.Build.0 = Release|x64
		{0FAAD4D2-042C-4806-B280-F3B72887D57A}.Ad-Hoc|x64.Deploy.0 = Release|x64
		{0FAAD4D2-042C-4806-B280-F3B72887D57A}.Ad-Hoc|x86.ActiveCfg = Release|x86
		{0FAAD4D2-042C-4806-B280-F3B72887D57A}.Ad-Hoc|x86.Build.0 = Release|x86
		{0FAAD4D2-042C-4806-B280-F3B72887D57A}.Ad-Hoc|x86.Deploy.0 = Release|x86
		{0FAAD4D2-042C-4806-B280-F3B72887D57A}.AppStore|Any CPU.ActiveCfg = Release|Any CPU
		{0FAAD4D2-042C-4806-B280-F3B72887D57A}.AppStore|Any CPU.Build.0 = Release|Any CPU
		{0FAAD4D2-042C-4806-B280-F3B72887D57A}.AppStore|Any CPU.Deploy.0 = Release|Any CPU
		{0FAAD4D2-042C-4806-B280-F3B72887D57A}.AppStore|ARM.ActiveCfg = Release|ARM
		{0FAAD4D2-042C-4806-B280-F3B72887D57A}.AppStore|ARM.Build.0 = Release|ARM
		{0FAAD4D2-042C-4806-B280-F3B72887D57A}.AppStore|ARM.Deploy.0 = Release|ARM
		{0FAAD4D2-042C-4806-B280-F3B72887D57A}.AppStore|iPhone.ActiveCfg = Release|Any CPU
		{0FAAD4D2-042C-4806-B280-F3B72887D57A}.AppStore|iPhone.Build.0 = Release|Any CPU
		{0FAAD4D2-042C-4806-B280-F3B72887D57A}.AppStore|iPhone.Deploy.0 = Release|Any CPU
		{0FAAD4D2-042C-4806-B280-F3B72887D57A}.AppStore|iPhoneSimulator.ActiveCfg = Release|Any CPU
		{0FAAD4D2-042C-4806-B280-F3B72887D57A}.AppStore|iPhoneSimulator.Build.0 = Release|Any CPU
		{0FAAD4D2-042C-4806-B280-F3B72887D57A}.AppStore|iPhoneSimulator.Deploy.0 = Release|Any CPU
		{0FAAD4D2-042C-4806-B280-F3B72887D57A}.AppStore|x64.ActiveCfg = Release|x64
		{0FAAD4D2-042C-4806-B280-F3B72887D57A}.AppStore|x64.Build.0 = Release|x64
		{0FAAD4D2-042C-4806-B280-F3B72887D57A}.AppStore|x64.Deploy.0 = Release|x64
		{0FAAD4D2-042C-4806-B280-F3B72887D57A}.AppStore|x86.ActiveCfg = Release|x86
		{0FAAD4D2-042C-4806-B280-F3B72887D57A}.AppStore|x86.Build.0 = Release|x86
		{0FAAD4D2-042C-4806-B280-F3B72887D57A}.AppStore|x86.Deploy.0 = Release|x86
		{0FAAD4D2-042C-4806-B280-F3B72887D57A}.Debug|Any CPU.ActiveCfg = Debug|Any CPU
		{0FAAD4D2-042C-4806-B280-F3B72887D57A}.Debug|Any CPU.Build.0 = Debug|Any CPU
		{0FAAD4D2-042C-4806-B280-F3B72887D57A}.Debug|Any CPU.Deploy.0 = Debug|Any CPU
		{0FAAD4D2-042C-4806-B280-F3B72887D57A}.Debug|ARM.ActiveCfg = Debug|ARM
		{0FAAD4D2-042C-4806-B280-F3B72887D57A}.Debug|ARM.Build.0 = Debug|ARM
		{0FAAD4D2-042C-4806-B280-F3B72887D57A}.Debug|ARM.Deploy.0 = Debug|ARM
		{0FAAD4D2-042C-4806-B280-F3B72887D57A}.Debug|iPhone.ActiveCfg = Debug|Any CPU
		{0FAAD4D2-042C-4806-B280-F3B72887D57A}.Debug|iPhone.Build.0 = Debug|Any CPU
		{0FAAD4D2-042C-4806-B280-F3B72887D57A}.Debug|iPhone.Deploy.0 = Debug|Any CPU
		{0FAAD4D2-042C-4806-B280-F3B72887D57A}.Debug|iPhoneSimulator.ActiveCfg = Debug|Any CPU
		{0FAAD4D2-042C-4806-B280-F3B72887D57A}.Debug|iPhoneSimulator.Build.0 = Debug|Any CPU
		{0FAAD4D2-042C-4806-B280-F3B72887D57A}.Debug|iPhoneSimulator.Deploy.0 = Debug|Any CPU
		{0FAAD4D2-042C-4806-B280-F3B72887D57A}.Debug|x64.ActiveCfg = Debug|x64
		{0FAAD4D2-042C-4806-B280-F3B72887D57A}.Debug|x64.Build.0 = Debug|x64
		{0FAAD4D2-042C-4806-B280-F3B72887D57A}.Debug|x64.Deploy.0 = Debug|x64
		{0FAAD4D2-042C-4806-B280-F3B72887D57A}.Debug|x86.ActiveCfg = Debug|x86
		{0FAAD4D2-042C-4806-B280-F3B72887D57A}.Debug|x86.Build.0 = Debug|x86
		{0FAAD4D2-042C-4806-B280-F3B72887D57A}.Debug|x86.Deploy.0 = Debug|x86
		{0FAAD4D2-042C-4806-B280-F3B72887D57A}.Release|Any CPU.ActiveCfg = Release|Any CPU
		{0FAAD4D2-042C-4806-B280-F3B72887D57A}.Release|Any CPU.Build.0 = Release|Any CPU
		{0FAAD4D2-042C-4806-B280-F3B72887D57A}.Release|Any CPU.Deploy.0 = Release|Any CPU
		{0FAAD4D2-042C-4806-B280-F3B72887D57A}.Release|ARM.ActiveCfg = Release|ARM
		{0FAAD4D2-042C-4806-B280-F3B72887D57A}.Release|ARM.Build.0 = Release|ARM
		{0FAAD4D2-042C-4806-B280-F3B72887D57A}.Release|ARM.Deploy.0 = Release|ARM
		{0FAAD4D2-042C-4806-B280-F3B72887D57A}.Release|iPhone.ActiveCfg = Release|Any CPU
		{0FAAD4D2-042C-4806-B280-F3B72887D57A}.Release|iPhone.Build.0 = Release|Any CPU
		{0FAAD4D2-042C-4806-B280-F3B72887D57A}.Release|iPhone.Deploy.0 = Release|Any CPU
		{0FAAD4D2-042C-4806-B280-F3B72887D57A}.Release|iPhoneSimulator.ActiveCfg = Release|Any CPU
		{0FAAD4D2-042C-4806-B280-F3B72887D57A}.Release|iPhoneSimulator.Build.0 = Release|Any CPU
		{0FAAD4D2-042C-4806-B280-F3B72887D57A}.Release|iPhoneSimulator.Deploy.0 = Release|Any CPU
		{0FAAD4D2-042C-4806-B280-F3B72887D57A}.Release|x64.ActiveCfg = Release|x64
		{0FAAD4D2-042C-4806-B280-F3B72887D57A}.Release|x64.Build.0 = Release|x64
		{0FAAD4D2-042C-4806-B280-F3B72887D57A}.Release|x64.Deploy.0 = Release|x64
		{0FAAD4D2-042C-4806-B280-F3B72887D57A}.Release|x86.ActiveCfg = Release|x86
		{0FAAD4D2-042C-4806-B280-F3B72887D57A}.Release|x86.Build.0 = Release|x86
		{0FAAD4D2-042C-4806-B280-F3B72887D57A}.Release|x86.Deploy.0 = Release|x86
		{F9EA81FF-94C7-4B6D-9587-CD91784ED3FC}.Ad-Hoc|Any CPU.ActiveCfg = Release|Any CPU
		{F9EA81FF-94C7-4B6D-9587-CD91784ED3FC}.Ad-Hoc|Any CPU.Build.0 = Release|Any CPU
		{F9EA81FF-94C7-4B6D-9587-CD91784ED3FC}.Ad-Hoc|ARM.ActiveCfg = Release|Any CPU
		{F9EA81FF-94C7-4B6D-9587-CD91784ED3FC}.Ad-Hoc|ARM.Build.0 = Release|Any CPU
		{F9EA81FF-94C7-4B6D-9587-CD91784ED3FC}.Ad-Hoc|iPhone.ActiveCfg = Release|Any CPU
		{F9EA81FF-94C7-4B6D-9587-CD91784ED3FC}.Ad-Hoc|iPhone.Build.0 = Release|Any CPU
		{F9EA81FF-94C7-4B6D-9587-CD91784ED3FC}.Ad-Hoc|iPhoneSimulator.ActiveCfg = Release|Any CPU
		{F9EA81FF-94C7-4B6D-9587-CD91784ED3FC}.Ad-Hoc|iPhoneSimulator.Build.0 = Release|Any CPU
		{F9EA81FF-94C7-4B6D-9587-CD91784ED3FC}.Ad-Hoc|x64.ActiveCfg = Release|Any CPU
		{F9EA81FF-94C7-4B6D-9587-CD91784ED3FC}.Ad-Hoc|x64.Build.0 = Release|Any CPU
		{F9EA81FF-94C7-4B6D-9587-CD91784ED3FC}.Ad-Hoc|x86.ActiveCfg = Release|Any CPU
		{F9EA81FF-94C7-4B6D-9587-CD91784ED3FC}.Ad-Hoc|x86.Build.0 = Release|Any CPU
		{F9EA81FF-94C7-4B6D-9587-CD91784ED3FC}.AppStore|Any CPU.ActiveCfg = Release|Any CPU
		{F9EA81FF-94C7-4B6D-9587-CD91784ED3FC}.AppStore|Any CPU.Build.0 = Release|Any CPU
		{F9EA81FF-94C7-4B6D-9587-CD91784ED3FC}.AppStore|ARM.ActiveCfg = Release|Any CPU
		{F9EA81FF-94C7-4B6D-9587-CD91784ED3FC}.AppStore|ARM.Build.0 = Release|Any CPU
		{F9EA81FF-94C7-4B6D-9587-CD91784ED3FC}.AppStore|iPhone.ActiveCfg = Release|Any CPU
		{F9EA81FF-94C7-4B6D-9587-CD91784ED3FC}.AppStore|iPhone.Build.0 = Release|Any CPU
		{F9EA81FF-94C7-4B6D-9587-CD91784ED3FC}.AppStore|iPhoneSimulator.ActiveCfg = Release|Any CPU
		{F9EA81FF-94C7-4B6D-9587-CD91784ED3FC}.AppStore|iPhoneSimulator.Build.0 = Release|Any CPU
		{F9EA81FF-94C7-4B6D-9587-CD91784ED3FC}.AppStore|x64.ActiveCfg = Release|Any CPU
		{F9EA81FF-94C7-4B6D-9587-CD91784ED3FC}.AppStore|x64.Build.0 = Release|Any CPU
		{F9EA81FF-94C7-4B6D-9587-CD91784ED3FC}.AppStore|x86.ActiveCfg = Release|Any CPU
		{F9EA81FF-94C7-4B6D-9587-CD91784ED3FC}.AppStore|x86.Build.0 = Release|Any CPU
		{F9EA81FF-94C7-4B6D-9587-CD91784ED3FC}.Debug|Any CPU.ActiveCfg = Debug|Any CPU
		{F9EA81FF-94C7-4B6D-9587-CD91784ED3FC}.Debug|Any CPU.Build.0 = Debug|Any CPU
		{F9EA81FF-94C7-4B6D-9587-CD91784ED3FC}.Debug|ARM.ActiveCfg = Debug|Any CPU
		{F9EA81FF-94C7-4B6D-9587-CD91784ED3FC}.Debug|ARM.Build.0 = Debug|Any CPU
		{F9EA81FF-94C7-4B6D-9587-CD91784ED3FC}.Debug|iPhone.ActiveCfg = Debug|Any CPU
		{F9EA81FF-94C7-4B6D-9587-CD91784ED3FC}.Debug|iPhone.Build.0 = Debug|Any CPU
		{F9EA81FF-94C7-4B6D-9587-CD91784ED3FC}.Debug|iPhoneSimulator.ActiveCfg = Debug|Any CPU
		{F9EA81FF-94C7-4B6D-9587-CD91784ED3FC}.Debug|iPhoneSimulator.Build.0 = Debug|Any CPU
		{F9EA81FF-94C7-4B6D-9587-CD91784ED3FC}.Debug|x64.ActiveCfg = Debug|Any CPU
		{F9EA81FF-94C7-4B6D-9587-CD91784ED3FC}.Debug|x64.Build.0 = Debug|Any CPU
		{F9EA81FF-94C7-4B6D-9587-CD91784ED3FC}.Debug|x86.ActiveCfg = Debug|Any CPU
		{F9EA81FF-94C7-4B6D-9587-CD91784ED3FC}.Debug|x86.Build.0 = Debug|Any CPU
		{F9EA81FF-94C7-4B6D-9587-CD91784ED3FC}.Release|Any CPU.ActiveCfg = Release|Any CPU
		{F9EA81FF-94C7-4B6D-9587-CD91784ED3FC}.Release|Any CPU.Build.0 = Release|Any CPU
		{F9EA81FF-94C7-4B6D-9587-CD91784ED3FC}.Release|ARM.ActiveCfg = Release|Any CPU
		{F9EA81FF-94C7-4B6D-9587-CD91784ED3FC}.Release|ARM.Build.0 = Release|Any CPU
		{F9EA81FF-94C7-4B6D-9587-CD91784ED3FC}.Release|iPhone.ActiveCfg = Release|Any CPU
		{F9EA81FF-94C7-4B6D-9587-CD91784ED3FC}.Release|iPhone.Build.0 = Release|Any CPU
		{F9EA81FF-94C7-4B6D-9587-CD91784ED3FC}.Release|iPhoneSimulator.ActiveCfg = Release|Any CPU
		{F9EA81FF-94C7-4B6D-9587-CD91784ED3FC}.Release|iPhoneSimulator.Build.0 = Release|Any CPU
		{F9EA81FF-94C7-4B6D-9587-CD91784ED3FC}.Release|x64.ActiveCfg = Release|Any CPU
		{F9EA81FF-94C7-4B6D-9587-CD91784ED3FC}.Release|x64.Build.0 = Release|Any CPU
		{F9EA81FF-94C7-4B6D-9587-CD91784ED3FC}.Release|x86.ActiveCfg = Release|Any CPU
		{F9EA81FF-94C7-4B6D-9587-CD91784ED3FC}.Release|x86.Build.0 = Release|Any CPU
	EndGlobalSection
	GlobalSection(SolutionProperties) = preSolution
		HideSolutionNode = FALSE
	EndGlobalSection
EndGlobal
